
Microsoft Visual Studio Solution File, Format Version 12.00
# Visual Studio Version 16
VisualStudioVersion = 16.0.30611.23
MinimumVisualStudioVersion = 10.0.40219.1
Project("{FAE04EC0-301F-11D3-BF4B-00C04F79EFBC}") = "LigaSportaDemo", "LigaSportaDemo\LigaSportaDemo.csproj", "{AC45BFFC-B845-4FD8-8DDA-61C0DDA21EF2}"
EndProject
Global
	GlobalSection(SolutionConfigurationPlatforms) = preSolution
		Debug|Any CPU = Debug|Any CPU
		Release|Any CPU = Release|Any CPU
	EndGlobalSection
	GlobalSection(ProjectConfigurationPlatforms) = postSolution
		{AC45BFFC-B845-4FD8-8DDA-61C0DDA21EF2}.Debug|Any CPU.ActiveCfg = Debug|Any CPU
		{AC45BFFC-B845-4FD8-8DDA-61C0DDA21EF2}.Debug|Any CPU.Build.0 = Debug|Any CPU
		{AC45BFFC-B845-4FD8-8DDA-61C0DDA21EF2}.Release|Any CPU.ActiveCfg = Release|Any CPU
		{AC45BFFC-B845-4FD8-8DDA-61C0DDA21EF2}.Release|Any CPU.Build.0 = Release|Any CPU
	EndGlobalSection
	GlobalSection(SolutionProperties) = preSolution
		HideSolutionNode = FALSE
	EndGlobalSection
	GlobalSection(ExtensibilityGlobals) = postSolution
		SolutionGuid = {D3986638-FAF5-42E0-9A11-751C70A1E0B6}
	EndGlobalSection
EndGlobal
